
Microsoft Visual Studio Solution File, Format Version 12.00
# Visual Studio Version 17
VisualStudioVersion = 17.6.33829.357
MinimumVisualStudioVersion = 10.0.40219.1
Project("{FAE04EC0-301F-11D3-BF4B-00C04F79EFBC}") = "2Operation_Subtraction", "2Operation_Subtraction\2Operation_Subtraction.csproj", "{CE6960AF-AA8C-44E4-A5A0-5A848B86A63D}"
EndProject
Global
	GlobalSection(SolutionConfigurationPlatforms) = preSolution
		Debug|Any CPU = Debug|Any CPU
		Release|Any CPU = Release|Any CPU
	EndGlobalSection
	GlobalSection(ProjectConfigurationPlatforms) = postSolution
		{CE6960AF-AA8C-44E4-A5A0-5A848B86A63D}.Debug|Any CPU.ActiveCfg = Debug|Any CPU
		{CE6960AF-AA8C-44E4-A5A0-5A848B86A63D}.Debug|Any CPU.Build.0 = Debug|Any CPU
		{CE6960AF-AA8C-44E4-A5A0-5A848B86A63D}.Release|Any CPU.ActiveCfg = Release|Any CPU
		{CE6960AF-AA8C-44E4-A5A0-5A848B86A63D}.Release|Any CPU.Build.0 = Release|Any CPU
	EndGlobalSection
	GlobalSection(SolutionProperties) = preSolution
		HideSolutionNode = FALSE
	EndGlobalSection
	GlobalSection(ExtensibilityGlobals) = postSolution
		SolutionGuid = {07F78A6F-A42B-4DB1-8358-5855CBE5750E}
	EndGlobalSection
EndGlobal
